
Microsoft Visual Studio Solution File, Format Version 12.00
# Visual Studio 15
Project("{FAE04EC0-301F-11D3-BF4B-00C04F79EFBC}") = "Assembly-CSharp", "Assembly-CSharp.csproj", "{93382CBE-BB50-435F-0F44-0CF1C2384879}"
EndProject
Project("{FAE04EC0-301F-11D3-BF4B-00C04F79EFBC}") = "Assembly-CSharp-Editor", "Assembly-CSharp-Editor.csproj", "{DBCB3DB2-61B9-7899-0AA8-F58509F68770}"
EndProject
Global
	GlobalSection(SolutionConfigurationPlatforms) = preSolution
		Debug|Any CPU = Debug|Any CPU
		Release|Any CPU = Release|Any CPU
	EndGlobalSection
	GlobalSection(ProjectConfigurationPlatforms) = postSolution
		{93382CBE-BB50-435F-0F44-0CF1C2384879}.Debug|Any CPU.ActiveCfg = Debug|Any CPU
		{93382CBE-BB50-435F-0F44-0CF1C2384879}.Debug|Any CPU.Build.0 = Debug|Any CPU
		{93382CBE-BB50-435F-0F44-0CF1C2384879}.Release|Any CPU.ActiveCfg = Release|Any CPU
		{93382CBE-BB50-435F-0F44-0CF1C2384879}.Release|Any CPU.Build.0 = Release|Any CPU
		{DBCB3DB2-61B9-7899-0AA8-F58509F68770}.Debug|Any CPU.ActiveCfg = Debug|Any CPU
		{DBCB3DB2-61B9-7899-0AA8-F58509F68770}.Debug|Any CPU.Build.0 = Debug|Any CPU
		{DBCB3DB2-61B9-7899-0AA8-F58509F68770}.Release|Any CPU.ActiveCfg = Release|Any CPU
		{DBCB3DB2-61B9-7899-0AA8-F58509F68770}.Release|Any CPU.Build.0 = Release|Any CPU
	EndGlobalSection
	GlobalSection(SolutionProperties) = preSolution
		HideSolutionNode = FALSE
	EndGlobalSection
	GlobalSection(MonoDevelopProperties) = preSolution
		StartupItem = Assembly-CSharp.csproj
	EndGlobalSection
EndGlobal
